
Microsoft Visual Studio Solution File, Format Version 12.00
# Visual Studio Version 16
VisualStudioVersion = 16.0.29920.165
MinimumVisualStudioVersion = 15.0.26124.0
Project("{2150E333-8FDC-42A3-9474-1A3956D46DE8}") = "src", "src", "{A0C022E5-D343-4BF6-B865-14C08F41D718}"
EndProject
Project("{2150E333-8FDC-42A3-9474-1A3956D46DE8}") = "ticketing", "ticketing", "{F40AB169-ACCE-4EBC-AB6C-D66BD7238E1E}"
EndProject
Project("{9A19103F-16F7-4668-BE54-9A1E7A4F7556}") = "Liner.Ticketing.Tests", "src\ticketing\Liner.Ticketing.Tests\Liner.Ticketing.Tests.csproj", "{1133DFE0-0997-4818-8170-05727280352C}"
EndProject
Project("{2150E333-8FDC-42A3-9474-1A3956D46DE8}") = "inventory", "inventory", "{49FDFF80-3BF2-496A-9421-614E72B317C5}"
EndProject
Project("{FAE04EC0-301F-11D3-BF4B-00C04F79EFBC}") = "Liner.Inventory.Tests", "src\inventory\Liner.Inventory.Tests\Liner.Inventory.Tests.csproj", "{00AB5C60-5F2B-4B4A-B213-6064F7984490}"
EndProject
Project("{FAE04EC0-301F-11D3-BF4B-00C04F79EFBC}") = "Liner.Inventory", "src\inventory\Liner.Inventory\Liner.Inventory.csproj", "{34AE79D2-246E-4B5D-AF5A-214C733F7A22}"
EndProject
Global
	GlobalSection(SolutionConfigurationPlatforms) = preSolution
		Debug|Any CPU = Debug|Any CPU
		Debug|x64 = Debug|x64
		Debug|x86 = Debug|x86
		Release|Any CPU = Release|Any CPU
		Release|x64 = Release|x64
		Release|x86 = Release|x86
	EndGlobalSection
	GlobalSection(ProjectConfigurationPlatforms) = postSolution
		{1133DFE0-0997-4818-8170-05727280352C}.Debug|Any CPU.ActiveCfg = Debug|Any CPU
		{1133DFE0-0997-4818-8170-05727280352C}.Debug|Any CPU.Build.0 = Debug|Any CPU
		{1133DFE0-0997-4818-8170-05727280352C}.Debug|x64.ActiveCfg = Debug|Any CPU
		{1133DFE0-0997-4818-8170-05727280352C}.Debug|x64.Build.0 = Debug|Any CPU
		{1133DFE0-0997-4818-8170-05727280352C}.Debug|x86.ActiveCfg = Debug|Any CPU
		{1133DFE0-0997-4818-8170-05727280352C}.Debug|x86.Build.0 = Debug|Any CPU
		{1133DFE0-0997-4818-8170-05727280352C}.Release|Any CPU.ActiveCfg = Release|Any CPU
		{1133DFE0-0997-4818-8170-05727280352C}.Release|Any CPU.Build.0 = Release|Any CPU
		{1133DFE0-0997-4818-8170-05727280352C}.Release|x64.ActiveCfg = Release|Any CPU
		{1133DFE0-0997-4818-8170-05727280352C}.Release|x64.Build.0 = Release|Any CPU
		{1133DFE0-0997-4818-8170-05727280352C}.Release|x86.ActiveCfg = Release|Any CPU
		{1133DFE0-0997-4818-8170-05727280352C}.Release|x86.Build.0 = Release|Any CPU
		{00AB5C60-5F2B-4B4A-B213-6064F7984490}.Debug|Any CPU.ActiveCfg = Debug|Any CPU
		{00AB5C60-5F2B-4B4A-B213-6064F7984490}.Debug|Any CPU.Build.0 = Debug|Any CPU
		{00AB5C60-5F2B-4B4A-B213-6064F7984490}.Debug|x64.ActiveCfg = Debug|Any CPU
		{00AB5C60-5F2B-4B4A-B213-6064F7984490}.Debug|x64.Build.0 = Debug|Any CPU
		{00AB5C60-5F2B-4B4A-B213-6064F7984490}.Debug|x86.ActiveCfg = Debug|Any CPU
		{00AB5C60-5F2B-4B4A-B213-6064F7984490}.Debug|x86.Build.0 = Debug|Any CPU
		{00AB5C60-5F2B-4B4A-B213-6064F7984490}.Release|Any CPU.ActiveCfg = Release|Any CPU
		{00AB5C60-5F2B-4B4A-B213-6064F7984490}.Release|Any CPU.Build.0 = Release|Any CPU
		{00AB5C60-5F2B-4B4A-B213-6064F7984490}.Release|x64.ActiveCfg = Release|Any CPU
		{00AB5C60-5F2B-4B4A-B213-6064F7984490}.Release|x64.Build.0 = Release|Any CPU
		{00AB5C60-5F2B-4B4A-B213-6064F7984490}.Release|x86.ActiveCfg = Release|Any CPU
		{00AB5C60-5F2B-4B4A-B213-6064F7984490}.Release|x86.Build.0 = Release|Any CPU
		{34AE79D2-246E-4B5D-AF5A-214C733F7A22}.Debug|Any CPU.ActiveCfg = Debug|Any CPU
		{34AE79D2-246E-4B5D-AF5A-214C733F7A22}.Debug|Any CPU.Build.0 = Debug|Any CPU
		{34AE79D2-246E-4B5D-AF5A-214C733F7A22}.Debug|x64.ActiveCfg = Debug|Any CPU
		{34AE79D2-246E-4B5D-AF5A-214C733F7A22}.Debug|x64.Build.0 = Debug|Any CPU
		{34AE79D2-246E-4B5D-AF5A-214C733F7A22}.Debug|x86.ActiveCfg = Debug|Any CPU
		{34AE79D2-246E-4B5D-AF5A-214C733F7A22}.Debug|x86.Build.0 = Debug|Any CPU
		{34AE79D2-246E-4B5D-AF5A-214C733F7A22}.Release|Any CPU.ActiveCfg = Release|Any CPU
		{34AE79D2-246E-4B5D-AF5A-214C733F7A22}.Release|Any CPU.Build.0 = Release|Any CPU
		{34AE79D2-246E-4B5D-AF5A-214C733F7A22}.Release|x64.ActiveCfg = Release|Any CPU
		{34AE79D2-246E-4B5D-AF5A-214C733F7A22}.Release|x64.Build.0 = Release|Any CPU
		{34AE79D2-246E-4B5D-AF5A-214C733F7A22}.Release|x86.ActiveCfg = Release|Any CPU
		{34AE79D2-246E-4B5D-AF5A-214C733F7A22}.Release|x86.Build.0 = Release|Any CPU
	EndGlobalSection
	GlobalSection(SolutionProperties) = preSolution
		HideSolutionNode = FALSE
	EndGlobalSection
	GlobalSection(NestedProjects) = preSolution
		{F40AB169-ACCE-4EBC-AB6C-D66BD7238E1E} = {A0C022E5-D343-4BF6-B865-14C08F41D718}
		{1133DFE0-0997-4818-8170-05727280352C} = {F40AB169-ACCE-4EBC-AB6C-D66BD7238E1E}
		{49FDFF80-3BF2-496A-9421-614E72B317C5} = {A0C022E5-D343-4BF6-B865-14C08F41D718}
		{00AB5C60-5F2B-4B4A-B213-6064F7984490} = {49FDFF80-3BF2-496A-9421-614E72B317C5}
		{34AE79D2-246E-4B5D-AF5A-214C733F7A22} = {49FDFF80-3BF2-496A-9421-614E72B317C5}
	EndGlobalSection
	GlobalSection(ExtensibilityGlobals) = postSolution
		SolutionGuid = {27D299F2-15E9-41CF-B82C-AED719D26804}
	EndGlobalSection
EndGlobal
