
Microsoft Visual Studio Solution File, Format Version 12.00
# Visual Studio Version 16
VisualStudioVersion = 16.0.29920.165
MinimumVisualStudioVersion = 15.0.26124.0
Project("{2150E333-8FDC-42A3-9474-1A3956D46DE8}") = "src", "src", "{A0C022E5-D343-4BF6-B865-14C08F41D718}"
EndProject
Project("{2150E333-8FDC-42A3-9474-1A3956D46DE8}") = "ticketing", "ticketing", "{F40AB169-ACCE-4EBC-AB6C-D66BD7238E1E}"
EndProject
Project("{9A19103F-16F7-4668-BE54-9A1E7A4F7556}") = "Liner.Ticketing.Tests", "src\ticketing\Liner.Ticketing.Tests\Liner.Ticketing.Tests.csproj", "{1133DFE0-0997-4818-8170-05727280352C}"
EndProject
Project("{2150E333-8FDC-42A3-9474-1A3956D46DE8}") = "inventory", "inventory", "{49FDFF80-3BF2-496A-9421-614E72B317C5}"
EndProject
Project("{9A19103F-16F7-4668-BE54-9A1E7A4F7556}") = "Liner.Inventory.Tests", "src\inventory\Liner.Inventory.Tests\Liner.Inventory.Tests.csproj", "{00AB5C60-5F2B-4B4A-B213-6064F7984490}"
EndProject
Project("{9A19103F-16F7-4668-BE54-9A1E7A4F7556}") = "Liner.Inventory.Api", "src\inventory\Liner.Inventory.Api\Liner.Inventory.Api.csproj", "{9817762B-994E-4D95-A37B-85626FF75A01}"
EndProject
Project("{9A19103F-16F7-4668-BE54-9A1E7A4F7556}") = "Liner.Inventory.Core", "src\inventory\Liner.Inventory.Core\Liner.Inventory.Core.csproj", "{F7C4E5E8-ABA3-4F04-A26D-C2C58B319901}"
EndProject
Project("{FAE04EC0-301F-11D3-BF4B-00C04F79EFBC}") = "Liner.Inventory", "src\inventory\Liner.Inventory\Liner.Inventory.csproj", "{21539B56-E8CB-4222-B320-44CB6A536C8C}"
EndProject
Project("{FAE04EC0-301F-11D3-BF4B-00C04F79EFBC}") = "Liner.Inventory.Integration", "src\inventory\Liner.Inventory.Integration\Liner.Inventory.Integration.csproj", "{8D2F1A3A-87BB-43D9-B276-F5518C03F5BA}"
EndProject
Project("{FAE04EC0-301F-11D3-BF4B-00C04F79EFBC}") = "Liner.Ticketing.Core", "src\ticketing\Liner.Ticketing.Core\Liner.Ticketing.Core.csproj", "{AC4A67FD-CD7F-4FC0-841C-A27C3E155131}"
EndProject
Project("{FAE04EC0-301F-11D3-BF4B-00C04F79EFBC}") = "Liner.Ticketing", "src\ticketing\Liner.Ticketing\Liner.Ticketing.csproj", "{BF92B8A9-19BF-4847-8DEB-D8A61D6A5A6A}"
EndProject
Project("{FAE04EC0-301F-11D3-BF4B-00C04F79EFBC}") = "Liner.Ticketing.Api", "src\ticketing\Liner.Ticketing.Api\Liner.Ticketing.Api.csproj", "{1D0BBA6C-AFC2-446F-9C50-CC2123874800}"
EndProject
Project("{FAE04EC0-301F-11D3-BF4B-00C04F79EFBC}") = "Liner.Ticketing.Integration", "src\ticketing\Liner.Ticketing.Integration\Liner.Ticketing.Integration.csproj", "{105741CC-9214-4465-A40B-CAEAED5E5C48}"
EndProject
Global
	GlobalSection(SolutionConfigurationPlatforms) = preSolution
		Debug|Any CPU = Debug|Any CPU
		Debug|x64 = Debug|x64
		Debug|x86 = Debug|x86
		Release|Any CPU = Release|Any CPU
		Release|x64 = Release|x64
		Release|x86 = Release|x86
	EndGlobalSection
	GlobalSection(ProjectConfigurationPlatforms) = postSolution
		{1133DFE0-0997-4818-8170-05727280352C}.Debug|Any CPU.ActiveCfg = Debug|Any CPU
		{1133DFE0-0997-4818-8170-05727280352C}.Debug|Any CPU.Build.0 = Debug|Any CPU
		{1133DFE0-0997-4818-8170-05727280352C}.Debug|x64.ActiveCfg = Debug|Any CPU
		{1133DFE0-0997-4818-8170-05727280352C}.Debug|x64.Build.0 = Debug|Any CPU
		{1133DFE0-0997-4818-8170-05727280352C}.Debug|x86.ActiveCfg = Debug|Any CPU
		{1133DFE0-0997-4818-8170-05727280352C}.Debug|x86.Build.0 = Debug|Any CPU
		{1133DFE0-0997-4818-8170-05727280352C}.Release|Any CPU.ActiveCfg = Release|Any CPU
		{1133DFE0-0997-4818-8170-05727280352C}.Release|Any CPU.Build.0 = Release|Any CPU
		{1133DFE0-0997-4818-8170-05727280352C}.Release|x64.ActiveCfg = Release|Any CPU
		{1133DFE0-0997-4818-8170-05727280352C}.Release|x64.Build.0 = Release|Any CPU
		{1133DFE0-0997-4818-8170-05727280352C}.Release|x86.ActiveCfg = Release|Any CPU
		{1133DFE0-0997-4818-8170-05727280352C}.Release|x86.Build.0 = Release|Any CPU
		{00AB5C60-5F2B-4B4A-B213-6064F7984490}.Debug|Any CPU.ActiveCfg = Debug|Any CPU
		{00AB5C60-5F2B-4B4A-B213-6064F7984490}.Debug|Any CPU.Build.0 = Debug|Any CPU
		{00AB5C60-5F2B-4B4A-B213-6064F7984490}.Debug|x64.ActiveCfg = Debug|Any CPU
		{00AB5C60-5F2B-4B4A-B213-6064F7984490}.Debug|x64.Build.0 = Debug|Any CPU
		{00AB5C60-5F2B-4B4A-B213-6064F7984490}.Debug|x86.ActiveCfg = Debug|Any CPU
		{00AB5C60-5F2B-4B4A-B213-6064F7984490}.Debug|x86.Build.0 = Debug|Any CPU
		{00AB5C60-5F2B-4B4A-B213-6064F7984490}.Release|Any CPU.ActiveCfg = Release|Any CPU
		{00AB5C60-5F2B-4B4A-B213-6064F7984490}.Release|Any CPU.Build.0 = Release|Any CPU
		{00AB5C60-5F2B-4B4A-B213-6064F7984490}.Release|x64.ActiveCfg = Release|Any CPU
		{00AB5C60-5F2B-4B4A-B213-6064F7984490}.Release|x64.Build.0 = Release|Any CPU
		{00AB5C60-5F2B-4B4A-B213-6064F7984490}.Release|x86.ActiveCfg = Release|Any CPU
		{00AB5C60-5F2B-4B4A-B213-6064F7984490}.Release|x86.Build.0 = Release|Any CPU
		{9817762B-994E-4D95-A37B-85626FF75A01}.Debug|Any CPU.ActiveCfg = Debug|Any CPU
		{9817762B-994E-4D95-A37B-85626FF75A01}.Debug|Any CPU.Build.0 = Debug|Any CPU
		{9817762B-994E-4D95-A37B-85626FF75A01}.Debug|x64.ActiveCfg = Debug|Any CPU
		{9817762B-994E-4D95-A37B-85626FF75A01}.Debug|x64.Build.0 = Debug|Any CPU
		{9817762B-994E-4D95-A37B-85626FF75A01}.Debug|x86.ActiveCfg = Debug|Any CPU
		{9817762B-994E-4D95-A37B-85626FF75A01}.Debug|x86.Build.0 = Debug|Any CPU
		{9817762B-994E-4D95-A37B-85626FF75A01}.Release|Any CPU.ActiveCfg = Release|Any CPU
		{9817762B-994E-4D95-A37B-85626FF75A01}.Release|Any CPU.Build.0 = Release|Any CPU
		{9817762B-994E-4D95-A37B-85626FF75A01}.Release|x64.ActiveCfg = Release|Any CPU
		{9817762B-994E-4D95-A37B-85626FF75A01}.Release|x64.Build.0 = Release|Any CPU
		{9817762B-994E-4D95-A37B-85626FF75A01}.Release|x86.ActiveCfg = Release|Any CPU
		{9817762B-994E-4D95-A37B-85626FF75A01}.Release|x86.Build.0 = Release|Any CPU
		{F7C4E5E8-ABA3-4F04-A26D-C2C58B319901}.Debug|Any CPU.ActiveCfg = Debug|Any CPU
		{F7C4E5E8-ABA3-4F04-A26D-C2C58B319901}.Debug|Any CPU.Build.0 = Debug|Any CPU
		{F7C4E5E8-ABA3-4F04-A26D-C2C58B319901}.Debug|x64.ActiveCfg = Debug|Any CPU
		{F7C4E5E8-ABA3-4F04-A26D-C2C58B319901}.Debug|x64.Build.0 = Debug|Any CPU
		{F7C4E5E8-ABA3-4F04-A26D-C2C58B319901}.Debug|x86.ActiveCfg = Debug|Any CPU
		{F7C4E5E8-ABA3-4F04-A26D-C2C58B319901}.Debug|x86.Build.0 = Debug|Any CPU
		{F7C4E5E8-ABA3-4F04-A26D-C2C58B319901}.Release|Any CPU.ActiveCfg = Release|Any CPU
		{F7C4E5E8-ABA3-4F04-A26D-C2C58B319901}.Release|Any CPU.Build.0 = Release|Any CPU
		{F7C4E5E8-ABA3-4F04-A26D-C2C58B319901}.Release|x64.ActiveCfg = Release|Any CPU
		{F7C4E5E8-ABA3-4F04-A26D-C2C58B319901}.Release|x64.Build.0 = Release|Any CPU
		{F7C4E5E8-ABA3-4F04-A26D-C2C58B319901}.Release|x86.ActiveCfg = Release|Any CPU
		{F7C4E5E8-ABA3-4F04-A26D-C2C58B319901}.Release|x86.Build.0 = Release|Any CPU
		{21539B56-E8CB-4222-B320-44CB6A536C8C}.Debug|Any CPU.ActiveCfg = Debug|Any CPU
		{21539B56-E8CB-4222-B320-44CB6A536C8C}.Debug|Any CPU.Build.0 = Debug|Any CPU
		{21539B56-E8CB-4222-B320-44CB6A536C8C}.Debug|x64.ActiveCfg = Debug|Any CPU
		{21539B56-E8CB-4222-B320-44CB6A536C8C}.Debug|x64.Build.0 = Debug|Any CPU
		{21539B56-E8CB-4222-B320-44CB6A536C8C}.Debug|x86.ActiveCfg = Debug|Any CPU
		{21539B56-E8CB-4222-B320-44CB6A536C8C}.Debug|x86.Build.0 = Debug|Any CPU
		{21539B56-E8CB-4222-B320-44CB6A536C8C}.Release|Any CPU.ActiveCfg = Release|Any CPU
		{21539B56-E8CB-4222-B320-44CB6A536C8C}.Release|Any CPU.Build.0 = Release|Any CPU
		{21539B56-E8CB-4222-B320-44CB6A536C8C}.Release|x64.ActiveCfg = Release|Any CPU
		{21539B56-E8CB-4222-B320-44CB6A536C8C}.Release|x64.Build.0 = Release|Any CPU
		{21539B56-E8CB-4222-B320-44CB6A536C8C}.Release|x86.ActiveCfg = Release|Any CPU
		{21539B56-E8CB-4222-B320-44CB6A536C8C}.Release|x86.Build.0 = Release|Any CPU
		{8D2F1A3A-87BB-43D9-B276-F5518C03F5BA}.Debug|Any CPU.ActiveCfg = Debug|Any CPU
		{8D2F1A3A-87BB-43D9-B276-F5518C03F5BA}.Debug|Any CPU.Build.0 = Debug|Any CPU
		{8D2F1A3A-87BB-43D9-B276-F5518C03F5BA}.Debug|x64.ActiveCfg = Debug|Any CPU
		{8D2F1A3A-87BB-43D9-B276-F5518C03F5BA}.Debug|x64.Build.0 = Debug|Any CPU
		{8D2F1A3A-87BB-43D9-B276-F5518C03F5BA}.Debug|x86.ActiveCfg = Debug|Any CPU
		{8D2F1A3A-87BB-43D9-B276-F5518C03F5BA}.Debug|x86.Build.0 = Debug|Any CPU
		{8D2F1A3A-87BB-43D9-B276-F5518C03F5BA}.Release|Any CPU.ActiveCfg = Release|Any CPU
		{8D2F1A3A-87BB-43D9-B276-F5518C03F5BA}.Release|Any CPU.Build.0 = Release|Any CPU
		{8D2F1A3A-87BB-43D9-B276-F5518C03F5BA}.Release|x64.ActiveCfg = Release|Any CPU
		{8D2F1A3A-87BB-43D9-B276-F5518C03F5BA}.Release|x64.Build.0 = Release|Any CPU
		{8D2F1A3A-87BB-43D9-B276-F5518C03F5BA}.Release|x86.ActiveCfg = Release|Any CPU
		{8D2F1A3A-87BB-43D9-B276-F5518C03F5BA}.Release|x86.Build.0 = Release|Any CPU
		{AC4A67FD-CD7F-4FC0-841C-A27C3E155131}.Debug|Any CPU.ActiveCfg = Debug|Any CPU
		{AC4A67FD-CD7F-4FC0-841C-A27C3E155131}.Debug|Any CPU.Build.0 = Debug|Any CPU
		{AC4A67FD-CD7F-4FC0-841C-A27C3E155131}.Debug|x64.ActiveCfg = Debug|Any CPU
		{AC4A67FD-CD7F-4FC0-841C-A27C3E155131}.Debug|x64.Build.0 = Debug|Any CPU
		{AC4A67FD-CD7F-4FC0-841C-A27C3E155131}.Debug|x86.ActiveCfg = Debug|Any CPU
		{AC4A67FD-CD7F-4FC0-841C-A27C3E155131}.Debug|x86.Build.0 = Debug|Any CPU
		{AC4A67FD-CD7F-4FC0-841C-A27C3E155131}.Release|Any CPU.ActiveCfg = Release|Any CPU
		{AC4A67FD-CD7F-4FC0-841C-A27C3E155131}.Release|Any CPU.Build.0 = Release|Any CPU
		{AC4A67FD-CD7F-4FC0-841C-A27C3E155131}.Release|x64.ActiveCfg = Release|Any CPU
		{AC4A67FD-CD7F-4FC0-841C-A27C3E155131}.Release|x64.Build.0 = Release|Any CPU
		{AC4A67FD-CD7F-4FC0-841C-A27C3E155131}.Release|x86.ActiveCfg = Release|Any CPU
		{AC4A67FD-CD7F-4FC0-841C-A27C3E155131}.Release|x86.Build.0 = Release|Any CPU
		{BF92B8A9-19BF-4847-8DEB-D8A61D6A5A6A}.Debug|Any CPU.ActiveCfg = Debug|Any CPU
		{BF92B8A9-19BF-4847-8DEB-D8A61D6A5A6A}.Debug|Any CPU.Build.0 = Debug|Any CPU
		{BF92B8A9-19BF-4847-8DEB-D8A61D6A5A6A}.Debug|x64.ActiveCfg = Debug|Any CPU
		{BF92B8A9-19BF-4847-8DEB-D8A61D6A5A6A}.Debug|x64.Build.0 = Debug|Any CPU
		{BF92B8A9-19BF-4847-8DEB-D8A61D6A5A6A}.Debug|x86.ActiveCfg = Debug|Any CPU
		{BF92B8A9-19BF-4847-8DEB-D8A61D6A5A6A}.Debug|x86.Build.0 = Debug|Any CPU
		{BF92B8A9-19BF-4847-8DEB-D8A61D6A5A6A}.Release|Any CPU.ActiveCfg = Release|Any CPU
		{BF92B8A9-19BF-4847-8DEB-D8A61D6A5A6A}.Release|Any CPU.Build.0 = Release|Any CPU
		{BF92B8A9-19BF-4847-8DEB-D8A61D6A5A6A}.Release|x64.ActiveCfg = Release|Any CPU
		{BF92B8A9-19BF-4847-8DEB-D8A61D6A5A6A}.Release|x64.Build.0 = Release|Any CPU
		{BF92B8A9-19BF-4847-8DEB-D8A61D6A5A6A}.Release|x86.ActiveCfg = Release|Any CPU
		{BF92B8A9-19BF-4847-8DEB-D8A61D6A5A6A}.Release|x86.Build.0 = Release|Any CPU
		{1D0BBA6C-AFC2-446F-9C50-CC2123874800}.Debug|Any CPU.ActiveCfg = Debug|Any CPU
		{1D0BBA6C-AFC2-446F-9C50-CC2123874800}.Debug|Any CPU.Build.0 = Debug|Any CPU
		{1D0BBA6C-AFC2-446F-9C50-CC2123874800}.Debug|x64.ActiveCfg = Debug|Any CPU
		{1D0BBA6C-AFC2-446F-9C50-CC2123874800}.Debug|x64.Build.0 = Debug|Any CPU
		{1D0BBA6C-AFC2-446F-9C50-CC2123874800}.Debug|x86.ActiveCfg = Debug|Any CPU
		{1D0BBA6C-AFC2-446F-9C50-CC2123874800}.Debug|x86.Build.0 = Debug|Any CPU
		{1D0BBA6C-AFC2-446F-9C50-CC2123874800}.Release|Any CPU.ActiveCfg = Release|Any CPU
		{1D0BBA6C-AFC2-446F-9C50-CC2123874800}.Release|Any CPU.Build.0 = Release|Any CPU
		{1D0BBA6C-AFC2-446F-9C50-CC2123874800}.Release|x64.ActiveCfg = Release|Any CPU
		{1D0BBA6C-AFC2-446F-9C50-CC2123874800}.Release|x64.Build.0 = Release|Any CPU
		{1D0BBA6C-AFC2-446F-9C50-CC2123874800}.Release|x86.ActiveCfg = Release|Any CPU
		{1D0BBA6C-AFC2-446F-9C50-CC2123874800}.Release|x86.Build.0 = Release|Any CPU
		{105741CC-9214-4465-A40B-CAEAED5E5C48}.Debug|Any CPU.ActiveCfg = Debug|Any CPU
		{105741CC-9214-4465-A40B-CAEAED5E5C48}.Debug|Any CPU.Build.0 = Debug|Any CPU
		{105741CC-9214-4465-A40B-CAEAED5E5C48}.Debug|x64.ActiveCfg = Debug|Any CPU
		{105741CC-9214-4465-A40B-CAEAED5E5C48}.Debug|x64.Build.0 = Debug|Any CPU
		{105741CC-9214-4465-A40B-CAEAED5E5C48}.Debug|x86.ActiveCfg = Debug|Any CPU
		{105741CC-9214-4465-A40B-CAEAED5E5C48}.Debug|x86.Build.0 = Debug|Any CPU
		{105741CC-9214-4465-A40B-CAEAED5E5C48}.Release|Any CPU.ActiveCfg = Release|Any CPU
		{105741CC-9214-4465-A40B-CAEAED5E5C48}.Release|Any CPU.Build.0 = Release|Any CPU
		{105741CC-9214-4465-A40B-CAEAED5E5C48}.Release|x64.ActiveCfg = Release|Any CPU
		{105741CC-9214-4465-A40B-CAEAED5E5C48}.Release|x64.Build.0 = Release|Any CPU
		{105741CC-9214-4465-A40B-CAEAED5E5C48}.Release|x86.ActiveCfg = Release|Any CPU
		{105741CC-9214-4465-A40B-CAEAED5E5C48}.Release|x86.Build.0 = Release|Any CPU
	EndGlobalSection
	GlobalSection(SolutionProperties) = preSolution
		HideSolutionNode = FALSE
	EndGlobalSection
	GlobalSection(NestedProjects) = preSolution
		{F40AB169-ACCE-4EBC-AB6C-D66BD7238E1E} = {A0C022E5-D343-4BF6-B865-14C08F41D718}
		{1133DFE0-0997-4818-8170-05727280352C} = {F40AB169-ACCE-4EBC-AB6C-D66BD7238E1E}
		{49FDFF80-3BF2-496A-9421-614E72B317C5} = {A0C022E5-D343-4BF6-B865-14C08F41D718}
		{00AB5C60-5F2B-4B4A-B213-6064F7984490} = {49FDFF80-3BF2-496A-9421-614E72B317C5}
		{9817762B-994E-4D95-A37B-85626FF75A01} = {49FDFF80-3BF2-496A-9421-614E72B317C5}
		{F7C4E5E8-ABA3-4F04-A26D-C2C58B319901} = {49FDFF80-3BF2-496A-9421-614E72B317C5}
		{21539B56-E8CB-4222-B320-44CB6A536C8C} = {49FDFF80-3BF2-496A-9421-614E72B317C5}
		{8D2F1A3A-87BB-43D9-B276-F5518C03F5BA} = {49FDFF80-3BF2-496A-9421-614E72B317C5}
		{AC4A67FD-CD7F-4FC0-841C-A27C3E155131} = {F40AB169-ACCE-4EBC-AB6C-D66BD7238E1E}
		{BF92B8A9-19BF-4847-8DEB-D8A61D6A5A6A} = {F40AB169-ACCE-4EBC-AB6C-D66BD7238E1E}
		{1D0BBA6C-AFC2-446F-9C50-CC2123874800} = {F40AB169-ACCE-4EBC-AB6C-D66BD7238E1E}
		{105741CC-9214-4465-A40B-CAEAED5E5C48} = {F40AB169-ACCE-4EBC-AB6C-D66BD7238E1E}
	EndGlobalSection
	GlobalSection(ExtensibilityGlobals) = postSolution
		SolutionGuid = {27D299F2-15E9-41CF-B82C-AED719D26804}
	EndGlobalSection
EndGlobal
